<?xml version="1.0" encoding="utf-8"?>
<Project ToolsVersion="4.0" xmlns="http://schemas.microsoft.com/developer/msbuild/2003">
  <ItemGroup>
    <Filter Include="Source Files">
      <UniqueIdentifier>{1638f741-9648-4d9c-a21b-24e26b6a4863}</UniqueIdentifier>
      <Extensions>cpp;c;cxx;rc;def;r;odl;idl;hpj;bat</Extensions>
    </Filter>
    <Filter Include="Header Files">
      <UniqueIdentifier>{51047d16-1197-4161-b83e-cf34067f1b7b}</UniqueIdentifier>
      <Extensions>h;hpp;hxx;hm;inl</Extensions>
    </Filter>
  </ItemGroup>
  <ItemGroup>
    <ClInclude Include="ProjectLoader.h">
      <Filter>Header Files</Filter>
    </ClInclude>
    <ClInclude Include="Eventlistener.h">
      <Filter>Header Files</Filter>
    </ClInclude>
    <ClInclude Include="LuaManager.h">
      <Filter>Header Files</Filter>
    </ClInclude>
    <ClInclude Include="SelectableObject.h">
      <Filter>Header Files</Filter>
    </ClInclude>
    <ClInclude Include="Md2Object.h">
      <Filter>Header Files</Filter>
    </ClInclude>
    <ClInclude Include="ObjectManager.h">
      <Filter>Header Files</Filter>
    </ClInclude>
    <ClInclude Include="MashManager.h">
      <Filter>Header Files</Filter>
    </ClInclude>
    <ClInclude Include="ModelInterface.h">
      <Filter>Header Files</Filter>
    </ClInclude>
    <ClInclude Include="PieceModel.h">
      <Filter>Header Files</Filter>
    </ClInclude>
    <ClInclude Include="AttacheAble.h">
      <Filter>Header Files</Filter>
    </ClInclude>
    <ClInclude Include="LuaScriptAttached.h">
      <Filter>Header Files</Filter>
    </ClInclude>
    <ClInclude Include="Opengl2md2.h">
      <Filter>Header Files</Filter>
    </ClInclude>
    <ClInclude Include="Md2Model.h">
      <Filter>Header Files</Filter>
    </ClInclude>
    <ClInclude Include="ViewCamera.h">
      <Filter>Header Files</Filter>
    </ClInclude>
    <ClInclude Include="ObjectMove.h">
      <Filter>Header Files</Filter>
    </ClInclude>
    <ClInclude Include="EyeMouseMove.h">
      <Filter>Header Files</Filter>
    </ClInclude>
    <ClInclude Include="CollisionMapCreater.h">
      <Filter>Header Files</Filter>
    </ClInclude>
    <ClInclude Include="CollisionMap.h">
      <Filter>Header Files</Filter>
    </ClInclude>
    <ClInclude Include="SoundManager.h">
      <Filter>Header Files</Filter>
    </ClInclude>
    <ClInclude Include="KardNameFactory.h">
      <Filter>Header Files</Filter>
    </ClInclude>
    <ClInclude Include="ExGameGraphicInfo.h">
      <Filter>Header Files</Filter>
    </ClInclude>
    <ClInclude Include="StageManager.h">
      <Filter>Header Files</Filter>
    </ClInclude>
    <ClInclude Include="IGameStage.h">
      <Filter>Header Files</Filter>
    </ClInclude>
    <ClInclude Include="UIBase.h">
      <Filter>Header Files</Filter>
    </ClInclude>
    <ClInclude Include="IUIBase.h">
      <Filter>Header Files</Filter>
    </ClInclude>
    <ClInclude Include="Point.h">
      <Filter>Header Files</Filter>
    </ClInclude>
    <ClInclude Include="PointF.h">
      <Filter>Header Files</Filter>
    </ClInclude>
    <ClInclude Include="AtlasObj.h">
      <Filter>Header Files</Filter>
    </ClInclude>
    <ClInclude Include="defAnimations.h">
      <Filter>Header Files</Filter>
    </ClInclude>
    <ClInclude Include="Animation.h">
      <Filter>Header Files</Filter>
    </ClInclude>
    <ClInclude Include="AnimatinonBase.h">
      <Filter>Header Files</Filter>
    </ClInclude>
    <ClInclude Include="ClickEventArgs.h">
      <Filter>Header Files</Filter>
    </ClInclude>
    <ClInclude Include="MotionEvent.h">
      <Filter>Header Files</Filter>
    </ClInclude>
    <ClInclude Include="InGameUI.h">
      <Filter>Header Files</Filter>
    </ClInclude>
    <ClInclude Include="LoadingScreen.h">
      <Filter>Header Files</Filter>
    </ClInclude>
    <ClInclude Include="MainScreen.h">
      <Filter>Header Files</Filter>
    </ClInclude>
    <ClInclude Include="GameStadiumScreen.h">
      <Filter>Header Files</Filter>
    </ClInclude>
    <ClInclude Include="IEventHandler.h">
      <Filter>Header Files</Filter>
    </ClInclude>
    <ClInclude Include="ImageLoader.h">
      <Filter>Header Files</Filter>
    </ClInclude>
    <ClInclude Include="CommonDataType.h">
      <Filter>Header Files</Filter>
    </ClInclude>
    <ClInclude Include="Anorms.h">
      <Filter>Header Files</Filter>
    </ClInclude>
    <ClInclude Include="XBoxControllerManager.h">
      <Filter>Header Files</Filter>
    </ClInclude>
    <ClInclude Include="TinyFont.h">
      <Filter>Header Files</Filter>
    </ClInclude>
    <ClInclude Include="triangulate.h">
      <Filter>Header Files</Filter>
    </ClInclude>
    <ClInclude Include="ObjectNumberingMananger.h">
      <Filter>Header Files</Filter>
    </ClInclude>
    <ClInclude Include="CXBOXController.h">
      <Filter>Header Files</Filter>
    </ClInclude>
    <ClInclude Include="TextureManager.h">
      <Filter>Header Files</Filter>
    </ClInclude>
    <ClInclude Include="Texture.h">
      <Filter>Header Files</Filter>
    </ClInclude>
    <ClInclude Include="Image.h">
      <Filter>Header Files</Filter>
    </ClInclude>
    <ClInclude Include="..\Externallib\FreeImage\Examples\OpenGL\TextureManager\TextureManager.h">
      <Filter>Header Files</Filter>
    </ClInclude>
    <ClInclude Include="DataManager.h">
      <Filter>Header Files</Filter>
    </ClInclude>
    <ClInclude Include="ImageControl.h">
      <Filter>Header Files</Filter>
    </ClInclude>
    <ClInclude Include="Grid.h">
      <Filter>Header Files</Filter>
    </ClInclude>
    <ClInclude Include="GridBar.h">
      <Filter>Header Files</Filter>
    </ClInclude>
    <ClInclude Include="IContainer.h">
      <Filter>Header Files</Filter>
    </ClInclude>
    <ClInclude Include="IRootUI.h">
      <Filter>Header Files</Filter>
    </ClInclude>
    <ClInclude Include="KingControl.h">
      <Filter>Header Files</Filter>
    </ClInclude>
    <ClInclude Include="Penal.h">
      <Filter>Header Files</Filter>
    </ClInclude>
    <ClInclude Include="RootUI.h">
      <Filter>Header Files</Filter>
    </ClInclude>
    <ClInclude Include="Snumber.h">
      <Filter>Header Files</Filter>
    </ClInclude>
    <ClInclude Include="DefExport.h">
      <Filter>Header Files</Filter>
    </ClInclude>
    <ClInclude Include="VolkesInterface.h">
      <Filter>Header Files</Filter>
    </ClInclude>
    <ClInclude Include="GameObejct.h">
      <Filter>Header Files</Filter>
    </ClInclude>
    <ClInclude Include="GameWorld.h">
      <Filter>Header Files</Filter>
    </ClInclude>
  </ItemGroup>
  <ItemGroup>
    <ClCompile Include="Stringformat.h">
      <Filter>Header Files</Filter>
    </ClCompile>
    <ClCompile Include="AnimatinonBase.cpp">
      <Filter>Source Files</Filter>
    </ClCompile>
    <ClCompile Include="Animation.cpp">
      <Filter>Source Files</Filter>
    </ClCompile>
    <ClCompile Include="AttacheAble.cpp">
      <Filter>Source Files</Filter>
    </ClCompile>
    <ClCompile Include="CollisionMap.cpp">
      <Filter>Source Files</Filter>
    </ClCompile>
    <ClCompile Include="CollisionMapCreater.cpp">
      <Filter>Source Files</Filter>
    </ClCompile>
    <ClCompile Include="CXBOXController.cpp">
      <Filter>Source Files</Filter>
    </ClCompile>
    <ClCompile Include="ExGameGraphicInfo.cpp">
      <Filter>Source Files</Filter>
    </ClCompile>
    <ClCompile Include="EyeMouseMove.cpp">
      <Filter>Source Files</Filter>
    </ClCompile>
    <ClCompile Include="GameStadiumScreen.cpp">
      <Filter>Source Files</Filter>
    </ClCompile>
    <ClCompile Include="Image.cpp">
      <Filter>Source Files</Filter>
    </ClCompile>
    <ClCompile Include="ImageControl.cpp">
      <Filter>Source Files</Filter>
    </ClCompile>
    <ClCompile Include="ImageLoader.cpp">
      <Filter>Source Files</Filter>
    </ClCompile>
    <ClCompile Include="InGameUI.cpp">
      <Filter>Source Files</Filter>
    </ClCompile>
    <ClCompile Include="KardNameFactory.cpp">
      <Filter>Source Files</Filter>
    </ClCompile>
    <ClCompile Include="KingControl.cpp">
      <Filter>Source Files</Filter>
    </ClCompile>
    <ClCompile Include="LoadingScreen.cpp">
      <Filter>Source Files</Filter>
    </ClCompile>
    <ClCompile Include="LuaManager.cpp">
      <Filter>Source Files</Filter>
    </ClCompile>
    <ClCompile Include="LuaScriptAttached.cpp">
      <Filter>Source Files</Filter>
    </ClCompile>
    <ClCompile Include="MainScreen.cpp">
      <Filter>Source Files</Filter>
    </ClCompile>
    <ClCompile Include="MashManager.cpp">
      <Filter>Source Files</Filter>
    </ClCompile>
    <ClCompile Include="Md2Model.cpp">
      <Filter>Source Files</Filter>
    </ClCompile>
    <ClCompile Include="Md2Object.cpp">
      <Filter>Source Files</Filter>
    </ClCompile>
    <ClCompile Include="ObjectManager.cpp">
      <Filter>Source Files</Filter>
    </ClCompile>
    <ClCompile Include="ObjectMove.cpp">
      <Filter>Source Files</Filter>
    </ClCompile>
    <ClCompile Include="ObjectNumberingMananger.cpp">
      <Filter>Source Files</Filter>
    </ClCompile>
    <ClCompile Include="Opengl2md2.cpp">
      <Filter>Source Files</Filter>
    </ClCompile>
    <ClCompile Include="Penal.cpp">
      <Filter>Source Files</Filter>
    </ClCompile>
    <ClCompile Include="PieceModel.cpp">
      <Filter>Source Files</Filter>
    </ClCompile>
    <ClCompile Include="ProjectLoader.cpp">
      <Filter>Source Files</Filter>
    </ClCompile>
    <ClCompile Include="RootUI.cpp">
      <Filter>Source Files</Filter>
    </ClCompile>
    <ClCompile Include="SelectableObject.cpp">
      <Filter>Source Files</Filter>
    </ClCompile>
    <ClCompile Include="SoundManager.cpp">
      <Filter>Source Files</Filter>
    </ClCompile>
    <ClCompile Include="StageManager.cpp">
      <Filter>Source Files</Filter>
    </ClCompile>
    <ClCompile Include="Texture.cpp">
      <Filter>Source Files</Filter>
    </ClCompile>
    <ClCompile Include="TinyFont.cpp">
      <Filter>Source Files</Filter>
    </ClCompile>
    <ClCompile Include="UIBase.cpp">
      <Filter>Source Files</Filter>
    </ClCompile>
    <ClCompile Include="ViewCamera.cpp">
      <Filter>Source Files</Filter>
    </ClCompile>
    <ClCompile Include="XBoxControllerManager.cpp">
      <Filter>Source Files</Filter>
    </ClCompile>
    <ClCompile Include="..\Externallib\FreeImage\Examples\OpenGL\TextureManager\TextureManager.cpp">
      <Filter>Source Files</Filter>
    </ClCompile>
    <ClCompile Include="DataManager.cpp">
      <Filter>Source Files</Filter>
    </ClCompile>
    <ClCompile Include="GameObejct.cpp">
      <Filter>Source Files</Filter>
    </ClCompile>
    <ClCompile Include="GameWorld.cpp">
      <Filter>Source Files</Filter>
    </ClCompile>
  </ItemGroup>
</Project>